// !$*UTF8*$!
{
	archiveVersion = 1;
	classes = {
	};
	objectVersion = 46;
	objects = {

/* Begin PBXBuildFile section */
		1887A6D71E614B8800A5786D /* main.m in Sources */ = {isa = PBXBuildFile; fileRef = 1887A6D61E614B8800A5786D /* main.m */; };
		1887A6E21E614FA500A5786D /* NSObject+HGCRuntime.m in Sources */ = {isa = PBXBuildFile; fileRef = 1887A6E11E614FA500A5786D /* NSObject+HGCRuntime.m */; };
		1887A6E51E6154D900A5786D /* HGCUnregisteredClass.m in Sources */ = {isa = PBXBuildFile; fileRef = 1887A6E41E6154D900A5786D /* HGCUnregisteredClass.m */; };
		1887A6E81E61556E00A5786D /* HGCProtocol.m in Sources */ = {isa = PBXBuildFile; fileRef = 1887A6E71E61556E00A5786D /* HGCProtocol.m */; };
		1887A6EB1E61557A00A5786D /* HGCIvar.m in Sources */ = {isa = PBXBuildFile; fileRef = 1887A6EA1E61557A00A5786D /* HGCIvar.m */; };
		1887A6EE1E61558300A5786D /* HGCProperty.m in Sources */ = {isa = PBXBuildFile; fileRef = 1887A6ED1E61558300A5786D /* HGCProperty.m */; };
		1887A6F11E61558900A5786D /* HGCMethod.m in Sources */ = {isa = PBXBuildFile; fileRef = 1887A6F01E61558900A5786D /* HGCMethod.m */; };
		1887A6F51E61612D00A5786D /* DemoKVOObj.m in Sources */ = {isa = PBXBuildFile; fileRef = 1887A6F41E61612D00A5786D /* DemoKVOObj.m */; };
		1887A6F81E61617000A5786D /* DemoKVOObserver.m in Sources */ = {isa = PBXBuildFile; fileRef = 1887A6F71E61617000A5786D /* DemoKVOObserver.m */; };
		1887A7011E617B9500A5786D /* NSObject+HGCCallMethod.m in Sources */ = {isa = PBXBuildFile; fileRef = 1887A7001E617B9500A5786D /* NSObject+HGCCallMethod.m */; };
		1887A7041E6180E800A5786D /* DemoObject.m in Sources */ = {isa = PBXBuildFile; fileRef = 1887A7031E6180E800A5786D /* DemoObject.m */; };
		1887A7081E61DD0D00A5786D /* DemoProObject.m in Sources */ = {isa = PBXBuildFile; fileRef = 1887A7071E61DD0C00A5786D /* DemoProObject.m */; };
/* End PBXBuildFile section */

/* Begin PBXCopyFilesBuildPhase section */
		1887A6D11E614B8800A5786D /* CopyFiles */ = {
			isa = PBXCopyFilesBuildPhase;
			buildActionMask = 2147483647;
			dstPath = /usr/share/man/man1/;
			dstSubfolderSpec = 0;
			files = (
			);
			runOnlyForDeploymentPostprocessing = 1;
		};
/* End PBXCopyFilesBuildPhase section */

/* Begin PBXFileReference section */
		1887A6D31E614B8800A5786D /* Runtime */ = {isa = PBXFileReference; explicitFileType = "compiled.mach-o.executable"; includeInIndex = 0; path = Runtime; sourceTree = BUILT_PRODUCTS_DIR; };
		1887A6D61E614B8800A5786D /* main.m */ = {isa = PBXFileReference; lastKnownFileType = sourcecode.c.objc; path = main.m; sourceTree = "<group>"; };
		1887A6E01E614FA500A5786D /* NSObject+HGCRuntime.h */ = {isa = PBXFileReference; fileEncoding = 4; lastKnownFileType = sourcecode.c.h; path = "NSObject+HGCRuntime.h"; sourceTree = "<group>"; };
		1887A6E11E614FA500A5786D /* NSObject+HGCRuntime.m */ = {isa = PBXFileReference; fileEncoding = 4; lastKnownFileType = sourcecode.c.objc; path = "NSObject+HGCRuntime.m"; sourceTree = "<group>"; };
		1887A6E31E6154D900A5786D /* HGCUnregisteredClass.h */ = {isa = PBXFileReference; fileEncoding = 4; lastKnownFileType = sourcecode.c.h; path = HGCUnregisteredClass.h; sourceTree = "<group>"; };
		1887A6E41E6154D900A5786D /* HGCUnregisteredClass.m */ = {isa = PBXFileReference; fileEncoding = 4; lastKnownFileType = sourcecode.c.objc; path = HGCUnregisteredClass.m; sourceTree = "<group>"; };
		1887A6E61E61556E00A5786D /* HGCProtocol.h */ = {isa = PBXFileReference; fileEncoding = 4; lastKnownFileType = sourcecode.c.h; path = HGCProtocol.h; sourceTree = "<group>"; };
		1887A6E71E61556E00A5786D /* HGCProtocol.m */ = {isa = PBXFileReference; fileEncoding = 4; lastKnownFileType = sourcecode.c.objc; path = HGCProtocol.m; sourceTree = "<group>"; };
		1887A6E91E61557A00A5786D /* HGCIvar.h */ = {isa = PBXFileReference; fileEncoding = 4; lastKnownFileType = sourcecode.c.h; path = HGCIvar.h; sourceTree = "<group>"; };
		1887A6EA1E61557A00A5786D /* HGCIvar.m */ = {isa = PBXFileReference; fileEncoding = 4; lastKnownFileType = sourcecode.c.objc; path = HGCIvar.m; sourceTree = "<group>"; };
		1887A6EC1E61558300A5786D /* HGCProperty.h */ = {isa = PBXFileReference; fileEncoding = 4; lastKnownFileType = sourcecode.c.h; path = HGCProperty.h; sourceTree = "<group>"; };
		1887A6ED1E61558300A5786D /* HGCProperty.m */ = {isa = PBXFileReference; fileEncoding = 4; lastKnownFileType = sourcecode.c.objc; path = HGCProperty.m; sourceTree = "<group>"; };
		1887A6EF1E61558900A5786D /* HGCMethod.h */ = {isa = PBXFileReference; fileEncoding = 4; lastKnownFileType = sourcecode.c.h; path = HGCMethod.h; sourceTree = "<group>"; };
		1887A6F01E61558900A5786D /* HGCMethod.m */ = {isa = PBXFileReference; fileEncoding = 4; lastKnownFileType = sourcecode.c.objc; path = HGCMethod.m; sourceTree = "<group>"; };
		1887A6F31E61612D00A5786D /* DemoKVOObj.h */ = {isa = PBXFileReference; fileEncoding = 4; lastKnownFileType = sourcecode.c.h; path = DemoKVOObj.h; sourceTree = "<group>"; };
		1887A6F41E61612D00A5786D /* DemoKVOObj.m */ = {isa = PBXFileReference; fileEncoding = 4; lastKnownFileType = sourcecode.c.objc; path = DemoKVOObj.m; sourceTree = "<group>"; };
		1887A6F61E61617000A5786D /* DemoKVOObserver.h */ = {isa = PBXFileReference; fileEncoding = 4; lastKnownFileType = sourcecode.c.h; path = DemoKVOObserver.h; sourceTree = "<group>"; };
		1887A6F71E61617000A5786D /* DemoKVOObserver.m */ = {isa = PBXFileReference; fileEncoding = 4; lastKnownFileType = sourcecode.c.objc; path = DemoKVOObserver.m; sourceTree = "<group>"; };
		1887A6FF1E617B9500A5786D /* NSObject+HGCCallMethod.h */ = {isa = PBXFileReference; fileEncoding = 4; lastKnownFileType = sourcecode.c.h; path = "NSObject+HGCCallMethod.h"; sourceTree = "<group>"; };
		1887A7001E617B9500A5786D /* NSObject+HGCCallMethod.m */ = {isa = PBXFileReference; fileEncoding = 4; lastKnownFileType = sourcecode.c.objc; path = "NSObject+HGCCallMethod.m"; sourceTree = "<group>"; };
		1887A7021E6180E800A5786D /* DemoObject.h */ = {isa = PBXFileReference; fileEncoding = 4; lastKnownFileType = sourcecode.c.h; path = DemoObject.h; sourceTree = "<group>"; };
		1887A7031E6180E800A5786D /* DemoObject.m */ = {isa = PBXFileReference; fileEncoding = 4; lastKnownFileType = sourcecode.c.objc; path = DemoObject.m; sourceTree = "<group>"; };
		1887A7051E61B84000A5786D /* DemoProtocol.h */ = {isa = PBXFileReference; fileEncoding = 4; lastKnownFileType = sourcecode.c.h; path = DemoProtocol.h; sourceTree = "<group>"; };
		1887A7061E61DD0C00A5786D /* DemoProObject.h */ = {isa = PBXFileReference; fileEncoding = 4; lastKnownFileType = sourcecode.c.h; path = DemoProObject.h; sourceTree = "<group>"; };
		1887A7071E61DD0C00A5786D /* DemoProObject.m */ = {isa = PBXFileReference; fileEncoding = 4; lastKnownFileType = sourcecode.c.objc; path = DemoProObject.m; sourceTree = "<group>"; };
/* End PBXFileReference section */

/* Begin PBXFrameworksBuildPhase section */
		1887A6D01E614B8800A5786D /* Frameworks */ = {
			isa = PBXFrameworksBuildPhase;
			buildActionMask = 2147483647;
			files = (
			);
			runOnlyForDeploymentPostprocessing = 0;
		};
/* End PBXFrameworksBuildPhase section */

/* Begin PBXGroup section */
		1887A6CA1E614B8800A5786D = {
			isa = PBXGroup;
			children = (
				1887A6D51E614B8800A5786D /* Runtime */,
				1887A6D41E614B8800A5786D /* Products */,
			);
			sourceTree = "<group>";
		};
		1887A6D41E614B8800A5786D /* Products */ = {
			isa = PBXGroup;
			children = (
				1887A6D31E614B8800A5786D /* Runtime */,
			);
			name = Products;
			sourceTree = "<group>";
		};
		1887A6D51E614B8800A5786D /* Runtime */ = {
			isa = PBXGroup;
			children = (
				1887A6F21E61611500A5786D /* Demo */,
				1887A6D61E614B8800A5786D /* main.m */,
				1887A6E01E614FA500A5786D /* NSObject+HGCRuntime.h */,
				1887A6E11E614FA500A5786D /* NSObject+HGCRuntime.m */,
				1887A6E31E6154D900A5786D /* HGCUnregisteredClass.h */,
				1887A6E41E6154D900A5786D /* HGCUnregisteredClass.m */,
				1887A6EF1E61558900A5786D /* HGCMethod.h */,
				1887A6F01E61558900A5786D /* HGCMethod.m */,
				1887A6FF1E617B9500A5786D /* NSObject+HGCCallMethod.h */,
				1887A7001E617B9500A5786D /* NSObject+HGCCallMethod.m */,
				1887A6E61E61556E00A5786D /* HGCProtocol.h */,
				1887A6E71E61556E00A5786D /* HGCProtocol.m */,
				1887A6E91E61557A00A5786D /* HGCIvar.h */,
				1887A6EA1E61557A00A5786D /* HGCIvar.m */,
				1887A6EC1E61558300A5786D /* HGCProperty.h */,
				1887A6ED1E61558300A5786D /* HGCProperty.m */,
			);
			path = Runtime;
			sourceTree = "<group>";
		};
		1887A6F21E61611500A5786D /* Demo */ = {
			isa = PBXGroup;
			children = (
				1887A7021E6180E800A5786D /* DemoObject.h */,
				1887A7031E6180E800A5786D /* DemoObject.m */,
				1887A6F31E61612D00A5786D /* DemoKVOObj.h */,
				1887A6F41E61612D00A5786D /* DemoKVOObj.m */,
				1887A6F61E61617000A5786D /* DemoKVOObserver.h */,
				1887A6F71E61617000A5786D /* DemoKVOObserver.m */,
				1887A7051E61B84000A5786D /* DemoProtocol.h */,
				1887A7061E61DD0C00A5786D /* DemoProObject.h */,
				1887A7071E61DD0C00A5786D /* DemoProObject.m */,
			);
			path = Demo;
			sourceTree = "<group>";
		};
/* End PBXGroup section */

/* Begin PBXNativeTarget section */
		1887A6D21E614B8800A5786D /* Runtime */ = {
			isa = PBXNativeTarget;
			buildConfigurationList = 1887A6DA1E614B8800A5786D /* Build configuration list for PBXNativeTarget "Runtime" */;
			buildPhases = (
				1887A6CF1E614B8800A5786D /* Sources */,
				1887A6D01E614B8800A5786D /* Frameworks */,
				1887A6D11E614B8800A5786D /* CopyFiles */,
			);
			buildRules = (
			);
			dependencies = (
			);
			name = Runtime;
			productName = Runtime;
			productReference = 1887A6D31E614B8800A5786D /* Runtime */;
			productType = "com.apple.product-type.tool";
		};
/* End PBXNativeTarget section */

/* Begin PBXProject section */
		1887A6CB1E614B8800A5786D /* Project object */ = {
			isa = PBXProject;
			attributes = {
				LastUpgradeCheck = 0820;
				ORGANIZATIONNAME = com.jymnchen;
				TargetAttributes = {
					1887A6D21E614B8800A5786D = {
						CreatedOnToolsVersion = 8.2;
						DevelopmentTeam = JQ7R6TK72B;
						ProvisioningStyle = Automatic;
					};
				};
			};
			buildConfigurationList = 1887A6CE1E614B8800A5786D /* Build configuration list for PBXProject "Runtime" */;
			compatibilityVersion = "Xcode 3.2";
			developmentRegion = English;
			hasScannedForEncodings = 0;
			knownRegions = (
				en,
			);
			mainGroup = 1887A6CA1E614B8800A5786D;
			productRefGroup = 1887A6D41E614B8800A5786D /* Products */;
			projectDirPath = "";
			projectRoot = "";
			targets = (
				1887A6D21E614B8800A5786D /* Runtime */,
			);
		};
/* End PBXProject section */

/* Begin PBXSourcesBuildPhase section */
		1887A6CF1E614B8800A5786D /* Sources */ = {
			isa = PBXSourcesBuildPhase;
			buildActionMask = 2147483647;
			files = (
				1887A6F11E61558900A5786D /* HGCMethod.m in Sources */,
				1887A6F81E61617000A5786D /* DemoKVOObserver.m in Sources */,
				1887A6E81E61556E00A5786D /* HGCProtocol.m in Sources */,
				1887A6D71E614B8800A5786D /* main.m in Sources */,
				1887A7041E6180E800A5786D /* DemoObject.m in Sources */,
				1887A6E51E6154D900A5786D /* HGCUnregisteredClass.m in Sources */,
				1887A6EB1E61557A00A5786D /* HGCIvar.m in Sources */,
				1887A7081E61DD0D00A5786D /* DemoProObject.m in Sources */,
				1887A6E21E614FA500A5786D /* NSObject+HGCRuntime.m in Sources */,
				1887A6EE1E61558300A5786D /* HGCProperty.m in Sources */,
				1887A7011E617B9500A5786D /* NSObject+HGCCallMethod.m in Sources */,
				1887A6F51E61612D00A5786D /* DemoKVOObj.m in Sources */,
			);
			runOnlyForDeploymentPostprocessing = 0;
		};
/* End PBXSourcesBuildPhase section */

/* Begin XCBuildConfiguration section */
		1887A6D81E614B8800A5786D /* Debug */ = {
			isa = XCBuildConfiguration;
			buildSettings = {
				ALWAYS_SEARCH_USER_PATHS = NO;
				CLANG_ANALYZER_NONNULL = YES;
				CLANG_CXX_LANGUAGE_STANDARD = "gnu++0x";
				CLANG_CXX_LIBRARY = "libc++";
				CLANG_ENABLE_MODULES = YES;
				CLANG_ENABLE_OBJC_ARC = YES;
				CLANG_WARN_BOOL_CONVERSION = YES;
				CLANG_WARN_CONSTANT_CONVERSION = YES;
				CLANG_WARN_DIRECT_OBJC_ISA_USAGE = YES_ERROR;
				CLANG_WARN_DOCUMENTATION_COMMENTS = YES;
				CLANG_WARN_EMPTY_BODY = YES;
				CLANG_WARN_ENUM_CONVERSION = YES;
				CLANG_WARN_INFINITE_RECURSION = YES;
				CLANG_WARN_INT_CONVERSION = YES;
				CLANG_WARN_OBJC_ROOT_CLASS = YES_ERROR;
				CLANG_WARN_SUSPICIOUS_MOVE = YES;
				CLANG_WARN_UNREACHABLE_CODE = YES;
				CLANG_WARN__DUPLICATE_METHOD_MATCH = YES;
				CODE_SIGN_IDENTITY = "-";
				COPY_PHASE_STRIP = NO;
				DEBUG_INFORMATION_FORMAT = dwarf;
				ENABLE_STRICT_OBJC_MSGSEND = YES;
				ENABLE_TESTABILITY = YES;
				GCC_C_LANGUAGE_STANDARD = gnu99;
				GCC_DYNAMIC_NO_PIC = NO;
				GCC_NO_COMMON_BLOCKS = YES;
				GCC_OPTIMIZATION_LEVEL = 0;
				GCC_PREPROCESSOR_DEFINITIONS = (
					"DEBUG=1",
					"$(inherited)",
				);
				GCC_WARN_64_TO_32_BIT_CONVERSION = YES;
				GCC_WARN_ABOUT_RETURN_TYPE = YES_ERROR;
				GCC_WARN_UNDECLARED_SELECTOR = YES;
				GCC_WARN_UNINITIALIZED_AUTOS = YES_AGGRESSIVE;
				GCC_WARN_UNUSED_FUNCTION = YES;
				GCC_WARN_UNUSED_VARIABLE = YES;
				MACOSX_DEPLOYMENT_TARGET = 10.12;
				MTL_ENABLE_DEBUG_INFO = YES;
				ONLY_ACTIVE_ARCH = YES;
				SDKROOT = macosx;
			};
			name = Debug;
		};
		1887A6D91E614B8800A5786D /* Release */ = {
			isa = XCBuildConfiguration;
			buildSettings = {
				ALWAYS_SEARCH_USER_PATHS = NO;
				CLANG_ANALYZER_NONNULL = YES;
				CLANG_CXX_LANGUAGE_STANDARD = "gnu++0x";
				CLANG_CXX_LIBRARY = "libc++";
				CLANG_ENABLE_MODULES = YES;
				CLANG_ENABLE_OBJC_ARC = YES;
				CLANG_WARN_BOOL_CONVERSION = YES;
				CLANG_WARN_CONSTANT_CONVERSION = YES;
				CLANG_WARN_DIRECT_OBJC_ISA_USAGE = YES_ERROR;
				CLANG_WARN_DOCUMENTATION_COMMENTS = YES;
				CLANG_WARN_EMPTY_BODY = YES;
				CLANG_WARN_ENUM_CONVERSION = YES;
				CLANG_WARN_INFINITE_RECURSION = YES;
				CLANG_WARN_INT_CONVERSION = YES;
				CLANG_WARN_OBJC_ROOT_CLASS = YES_ERROR;
				CLANG_WARN_SUSPICIOUS_MOVE = YES;
				CLANG_WARN_UNREACHABLE_CODE = YES;
				CLANG_WARN__DUPLICATE_METHOD_MATCH = YES;
				CODE_SIGN_IDENTITY = "-";
				COPY_PHASE_STRIP = NO;
				DEBUG_INFORMATION_FORMAT = "dwarf-with-dsym";
				ENABLE_NS_ASSERTIONS = NO;
				ENABLE_STRICT_OBJC_MSGSEND = YES;
				GCC_C_LANGUAGE_STANDARD = gnu99;
				GCC_NO_COMMON_BLOCKS = YES;
				GCC_WARN_64_TO_32_BIT_CONVERSION = YES;
				GCC_WARN_ABOUT_RETURN_TYPE = YES_ERROR;
				GCC_WARN_UNDECLARED_SELECTOR = YES;
				GCC_WARN_UNINITIALIZED_AUTOS = YES_AGGRESSIVE;
				GCC_WARN_UNUSED_FUNCTION = YES;
				GCC_WARN_UNUSED_VARIABLE = YES;
				MACOSX_DEPLOYMENT_TARGET = 10.12;
				MTL_ENABLE_DEBUG_INFO = NO;
				SDKROOT = macosx;
			};
			name = Release;
		};
		1887A6DB1E614B8800A5786D /* Debug */ = {
			isa = XCBuildConfiguration;
			buildSettings = {
				CLANG_ENABLE_OBJC_ARC = NO;
				DEVELOPMENT_TEAM = JQ7R6TK72B;
				PRODUCT_NAME = "$(TARGET_NAME)";
			};
			name = Debug;
		};
		1887A6DC1E614B8800A5786D /* Release */ = {
			isa = XCBuildConfiguration;
			buildSettings = {
				CLANG_ENABLE_OBJC_ARC = NO;
				DEVELOPMENT_TEAM = JQ7R6TK72B;
				PRODUCT_NAME = "$(TARGET_NAME)";
			};
			name = Release;
		};
/* End XCBuildConfiguration section */

/* Begin XCConfigurationList section */
		1887A6CE1E614B8800A5786D /* Build configuration list for PBXProject "Runtime" */ = {
			isa = XCConfigurationList;
			buildConfigurations = (
				1887A6D81E614B8800A5786D /* Debug */,
				1887A6D91E614B8800A5786D /* Release */,
			);
			defaultConfigurationIsVisible = 0;
			defaultConfigurationName = Release;
		};
		1887A6DA1E614B8800A5786D /* Build configuration list for PBXNativeTarget "Runtime" */ = {
			isa = XCConfigurationList;
			buildConfigurations = (
				1887A6DB1E614B8800A5786D /* Debug */,
				1887A6DC1E614B8800A5786D /* Release */,
			);
			defaultConfigurationIsVisible = 0;
		};
/* End XCConfigurationList section */
	};
	rootObject = 1887A6CB1E614B8800A5786D /* Project object */;
}
